// !$*UTF8*$!
{
	archiveVersion = 1;
	classes = {
	};
	objectVersion = 50;
	objects = {

/* Begin PBXBuildFile section */
		AF1CB32720C61613004E271C /* AppDelegate.swift in Sources */ = {isa = PBXBuildFile; fileRef = AF1CB32620C61613004E271C /* AppDelegate.swift */; };
		AF1CB32920C61613004E271C /* ViewController.swift in Sources */ = {isa = PBXBuildFile; fileRef = AF1CB32820C61613004E271C /* ViewController.swift */; };
		AF1CB32C20C61613004E271C /* Main.storyboard in Resources */ = {isa = PBXBuildFile; fileRef = AF1CB32A20C61613004E271C /* Main.storyboard */; };
		AF1CB32E20C61614004E271C /* Assets.xcassets in Resources */ = {isa = PBXBuildFile; fileRef = AF1CB32D20C61614004E271C /* Assets.xcassets */; };
		AF1CB33120C61614004E271C /* LaunchScreen.storyboard in Resources */ = {isa = PBXBuildFile; fileRef = AF1CB32F20C61614004E271C /* LaunchScreen.storyboard */; };
		AF1CB33A20C61DBE004E271C /* KeychainItemAccessibility.swift in Sources */ = {isa = PBXBuildFile; fileRef = AF1CB33820C61DBE004E271C /* KeychainItemAccessibility.swift */; };
		AF1CB33B20C61DBE004E271C /* KeychainWrapper.swift in Sources */ = {isa = PBXBuildFile; fileRef = AF1CB33920C61DBE004E271C /* KeychainWrapper.swift */; };
/* End PBXBuildFile section */

/* Begin PBXFileReference section */
		AF1CB32320C61613004E271C /* Secret Notes.app */ = {isa = PBXFileReference; explicitFileType = wrapper.application; includeInIndex = 0; path = "Secret Notes.app"; sourceTree = BUILT_PRODUCTS_DIR; };
		AF1CB32620C61613004E271C /* AppDelegate.swift */ = {isa = PBXFileReference; lastKnownFileType = sourcecode.swift; path = AppDelegate.swift; sourceTree = "<group>"; };
		AF1CB32820C61613004E271C /* ViewController.swift */ = {isa = PBXFileReference; lastKnownFileType = sourcecode.swift; path = ViewController.swift; sourceTree = "<group>"; };
		AF1CB32B20C61613004E271C /* Base */ = {isa = PBXFileReference; lastKnownFileType = file.storyboard; name = Base; path = Base.lproj/Main.storyboard; sourceTree = "<group>"; };
		AF1CB32D20C61614004E271C /* Assets.xcassets */ = {isa = PBXFileReference; lastKnownFileType = folder.assetcatalog; path = Assets.xcassets; sourceTree = "<group>"; };
		AF1CB33020C61614004E271C /* Base */ = {isa = PBXFileReference; lastKnownFileType = file.storyboard; name = Base; path = Base.lproj/LaunchScreen.storyboard; sourceTree = "<group>"; };
		AF1CB33220C61614004E271C /* Info.plist */ = {isa = PBXFileReference; lastKnownFileType = text.plist.xml; path = Info.plist; sourceTree = "<group>"; };
		AF1CB33820C61DBE004E271C /* KeychainItemAccessibility.swift */ = {isa = PBXFileReference; fileEncoding = 4; lastKnownFileType = sourcecode.swift; path = KeychainItemAccessibility.swift; sourceTree = "<group>"; };
		AF1CB33920C61DBE004E271C /* KeychainWrapper.swift */ = {isa = PBXFileReference; fileEncoding = 4; lastKnownFileType = sourcecode.swift; path = KeychainWrapper.swift; sourceTree = "<group>"; };
/* End PBXFileReference section */

/* Begin PBXFrameworksBuildPhase section */
		AF1CB32020C61613004E271C /* Frameworks */ = {
			isa = PBXFrameworksBuildPhase;
			buildActionMask = 2147483647;
			files = (
			);
			runOnlyForDeploymentPostprocessing = 0;
		};
/* End PBXFrameworksBuildPhase section */

/* Begin PBXGroup section */
		AF1CB31A20C61613004E271C = {
			isa = PBXGroup;
			children = (
				AF1CB32520C61613004E271C /* Secret Notes */,
				AF1CB32420C61613004E271C /* Products */,
			);
			sourceTree = "<group>";
		};
		AF1CB32420C61613004E271C /* Products */ = {
			isa = PBXGroup;
			children = (
				AF1CB32320C61613004E271C /* Secret Notes.app */,
			);
			name = Products;
			sourceTree = "<group>";
		};
		AF1CB32520C61613004E271C /* Secret Notes */ = {
			isa = PBXGroup;
			children = (
				AF1CB32620C61613004E271C /* AppDelegate.swift */,
				AF1CB32820C61613004E271C /* ViewController.swift */,
				AF1CB32A20C61613004E271C /* Main.storyboard */,
				AF1CB32D20C61614004E271C /* Assets.xcassets */,
				AF1CB32F20C61614004E271C /* LaunchScreen.storyboard */,
				AF1CB33220C61614004E271C /* Info.plist */,
				AF1CB33820C61DBE004E271C /* KeychainItemAccessibility.swift */,
				AF1CB33920C61DBE004E271C /* KeychainWrapper.swift */,
			);
			path = "Secret Notes";
			sourceTree = "<group>";
		};
/* End PBXGroup section */

/* Begin PBXNativeTarget section */
		AF1CB32220C61613004E271C /* Secret Notes */ = {
			isa = PBXNativeTarget;
			buildConfigurationList = AF1CB33520C61614004E271C /* Build configuration list for PBXNativeTarget "Secret Notes" */;
			buildPhases = (
				AF1CB31F20C61613004E271C /* Sources */,
				AF1CB32020C61613004E271C /* Frameworks */,
				AF1CB32120C61613004E271C /* Resources */,
			);
			buildRules = (
			);
			dependencies = (
			);
			name = "Secret Notes";
			productName = "Secret Notes";
			productReference = AF1CB32320C61613004E271C /* Secret Notes.app */;
			productType = "com.apple.product-type.application";
		};
/* End PBXNativeTarget section */

/* Begin PBXProject section */
		AF1CB31B20C61613004E271C /* Project object */ = {
			isa = PBXProject;
			attributes = {
				LastSwiftUpdateCheck = 0940;
				LastUpgradeCheck = 0940;
				ORGANIZATIONNAME = iGarcia;
				TargetAttributes = {
					AF1CB32220C61613004E271C = {
						CreatedOnToolsVersion = 9.4;
					};
				};
			};
			buildConfigurationList = AF1CB31E20C61613004E271C /* Build configuration list for PBXProject "Secret Notes" */;
			compatibilityVersion = "Xcode 9.3";
			developmentRegion = en;
			hasScannedForEncodings = 0;
			knownRegions = (
				en,
				Base,
			);
			mainGroup = AF1CB31A20C61613004E271C;
			productRefGroup = AF1CB32420C61613004E271C /* Products */;
			projectDirPath = "";
			projectRoot = "";
			targets = (
				AF1CB32220C61613004E271C /* Secret Notes */,
			);
		};
/* End PBXProject section */

/* Begin PBXResourcesBuildPhase section */
		AF1CB32120C61613004E271C /* Resources */ = {
			isa = PBXResourcesBuildPhase;
			buildActionMask = 2147483647;
			files = (
				AF1CB33120C61614004E271C /* LaunchScreen.storyboard in Resources */,
				AF1CB32E20C61614004E271C /* Assets.xcassets in Resources */,
				AF1CB32C20C61613004E271C /* Main.storyboard in Resources */,
			);
			runOnlyForDeploymentPostprocessing = 0;
		};
/* End PBXResourcesBuildPhase section */

/* Begin PBXSourcesBuildPhase section */
		AF1CB31F20C61613004E271C /* Sources */ = {
			isa = PBXSourcesBuildPhase;
			buildActionMask = 2147483647;
			files = (
				AF1CB32920C61613004E271C /* ViewController.swift in Sources */,
				AF1CB33B20C61DBE004E271C /* KeychainWrapper.swift in Sources */,
				AF1CB32720C61613004E271C /* AppDelegate.swift in Sources */,
				AF1CB33A20C61DBE004E271C /* KeychainItemAccessibility.swift in Sources */,
			);
			runOnlyForDeploymentPostprocessing = 0;
		};
/* End PBXSourcesBuildPhase section */

/* Begin PBXVariantGroup section */
		AF1CB32A20C61613004E271C /* Main.storyboard */ = {
			isa = PBXVariantGroup;
			children = (
				AF1CB32B20C61613004E271C /* Base */,
			);
			name = Main.storyboard;
			sourceTree = "<group>";
		};
		AF1CB32F20C61614004E271C /* LaunchScreen.storyboard */ = {
			isa = PBXVariantGroup;
			children = (
				AF1CB33020C61614004E271C /* Base */,
			);
			name = LaunchScreen.storyboard;
			sourceTree = "<group>";
		};
/* End PBXVariantGroup section */

/* Begin XCBuildConfiguration section */
		AF1CB33320C61614004E271C /* Debug */ = {
			isa = XCBuildConfiguration;
			buildSettings = {
				ALWAYS_SEARCH_USER_PATHS = NO;
				CLANG_ANALYZER_NONNULL = YES;
				CLANG_ANALYZER_NUMBER_OBJECT_CONVERSION = YES_AGGRESSIVE;
				CLANG_CXX_LANGUAGE_STANDARD = "gnu++14";
				CLANG_CXX_LIBRARY = "libc++";
				CLANG_ENABLE_MODULES = YES;
				CLANG_ENABLE_OBJC_ARC = YES;
				CLANG_ENABLE_OBJC_WEAK = YES;
				CLANG_WARN_BLOCK_CAPTURE_AUTORELEASING = YES;
				CLANG_WARN_BOOL_CONVERSION = YES;
				CLANG_WARN_COMMA = YES;
				CLANG_WARN_CONSTANT_CONVERSION = YES;
				CLANG_WARN_DEPRECATED_OBJC_IMPLEMENTATIONS = YES;
				CLANG_WARN_DIRECT_OBJC_ISA_USAGE = YES_ERROR;
				CLANG_WARN_DOCUMENTATION_COMMENTS = YES;
				CLANG_WARN_EMPTY_BODY = YES;
				CLANG_WARN_ENUM_CONVERSION = YES;
				CLANG_WARN_INFINITE_RECURSION = YES;
				CLANG_WARN_INT_CONVERSION = YES;
				CLANG_WARN_NON_LITERAL_NULL_CONVERSION = YES;
				CLANG_WARN_OBJC_IMPLICIT_RETAIN_SELF = YES;
				CLANG_WARN_OBJC_LITERAL_CONVERSION = YES;
				CLANG_WARN_OBJC_ROOT_CLASS = YES_ERROR;
				CLANG_WARN_RANGE_LOOP_ANALYSIS = YES;
				CLANG_WARN_STRICT_PROTOTYPES = YES;
				CLANG_WARN_SUSPICIOUS_MOVE = YES;
				CLANG_WARN_UNGUARDED_AVAILABILITY = YES_AGGRESSIVE;
				CLANG_WARN_UNREACHABLE_CODE = YES;
				CLANG_WARN__DUPLICATE_METHOD_MATCH = YES;
				CODE_SIGN_IDENTITY = "iPhone Developer";
				COPY_PHASE_STRIP = NO;
				DEBUG_INFORMATION_FORMAT = dwarf;
				ENABLE_STRICT_OBJC_MSGSEND = YES;
				ENABLE_TESTABILITY = YES;
				GCC_C_LANGUAGE_STANDARD = gnu11;
				GCC_DYNAMIC_NO_PIC = NO;
				GCC_NO_COMMON_BLOCKS = YES;
				GCC_OPTIMIZATION_LEVEL = 0;
				GCC_PREPROCESSOR_DEFINITIONS = (
					"DEBUG=1",
					"$(inherited)",
				);
				GCC_WARN_64_TO_32_BIT_CONVERSION = YES;
				GCC_WARN_ABOUT_RETURN_TYPE = YES_ERROR;
				GCC_WARN_UNDECLARED_SELECTOR = YES;
				GCC_WARN_UNINITIALIZED_AUTOS = YES_AGGRESSIVE;
				GCC_WARN_UNUSED_FUNCTION = YES;
				GCC_WARN_UNUSED_VARIABLE = YES;
				IPHONEOS_DEPLOYMENT_TARGET = 11.4;
				MTL_ENABLE_DEBUG_INFO = YES;
				ONLY_ACTIVE_ARCH = YES;
				SDKROOT = iphoneos;
				SWIFT_ACTIVE_COMPILATION_CONDITIONS = DEBUG;
				SWIFT_OPTIMIZATION_LEVEL = "-Onone";
			};
			name = Debug;
		};
		AF1CB33420C61614004E271C /* Release */ = {
			isa = XCBuildConfiguration;
			buildSettings = {
				ALWAYS_SEARCH_USER_PATHS = NO;
				CLANG_ANALYZER_NONNULL = YES;
				CLANG_ANALYZER_NUMBER_OBJECT_CONVERSION = YES_AGGRESSIVE;
				CLANG_CXX_LANGUAGE_STANDARD = "gnu++14";
				CLANG_CXX_LIBRARY = "libc++";
				CLANG_ENABLE_MODULES = YES;
				CLANG_ENABLE_OBJC_ARC = YES;
				CLANG_ENABLE_OBJC_WEAK = YES;
				CLANG_WARN_BLOCK_CAPTURE_AUTORELEASING = YES;
				CLANG_WARN_BOOL_CONVERSION = YES;
				CLANG_WARN_COMMA = YES;
				CLANG_WARN_CONSTANT_CONVERSION = YES;
				CLANG_WARN_DEPRECATED_OBJC_IMPLEMENTATIONS = YES;
				CLANG_WARN_DIRECT_OBJC_ISA_USAGE = YES_ERROR;
				CLANG_WARN_DOCUMENTATION_COMMENTS = YES;
				CLANG_WARN_EMPTY_BODY = YES;
				CLANG_WARN_ENUM_CONVERSION = YES;
				CLANG_WARN_INFINITE_RECURSION = YES;
				CLANG_WARN_INT_CONVERSION = YES;
				CLANG_WARN_NON_LITERAL_NULL_CONVERSION = YES;
				CLANG_WARN_OBJC_IMPLICIT_RETAIN_SELF = YES;
				CLANG_WARN_OBJC_LITERAL_CONVERSION = YES;
				CLANG_WARN_OBJC_ROOT_CLASS = YES_ERROR;
				CLANG_WARN_RANGE_LOOP_ANALYSIS = YES;
				CLANG_WARN_STRICT_PROTOTYPES = YES;
				CLANG_WARN_SUSPICIOUS_MOVE = YES;
				CLANG_WARN_UNGUARDED_AVAILABILITY = YES_AGGRESSIVE;
				CLANG_WARN_UNREACHABLE_CODE = YES;
				CLANG_WARN__DUPLICATE_METHOD_MATCH = YES;
				CODE_SIGN_IDENTITY = "iPhone Developer";
				COPY_PHASE_STRIP = NO;
				DEBUG_INFORMATION_FORMAT = "dwarf-with-dsym";
				ENABLE_NS_ASSERTIONS = NO;
				ENABLE_STRICT_OBJC_MSGSEND = YES;
				GCC_C_LANGUAGE_STANDARD = gnu11;
				GCC_NO_COMMON_BLOCKS = YES;
				GCC_WARN_64_TO_32_BIT_CONVERSION = YES;
				GCC_WARN_ABOUT_RETURN_TYPE = YES_ERROR;
				GCC_WARN_UNDECLARED_SELECTOR = YES;
				GCC_WARN_UNINITIALIZED_AUTOS = YES_AGGRESSIVE;
				GCC_WARN_UNUSED_FUNCTION = YES;
				GCC_WARN_UNUSED_VARIABLE = YES;
				IPHONEOS_DEPLOYMENT_TARGET = 11.4;
				MTL_ENABLE_DEBUG_INFO = NO;
				SDKROOT = iphoneos;
				SWIFT_COMPILATION_MODE = wholemodule;
				SWIFT_OPTIMIZATION_LEVEL = "-O";
				VALIDATE_PRODUCT = YES;
			};
			name = Release;
		};
		AF1CB33620C61614004E271C /* Debug */ = {
			isa = XCBuildConfiguration;
			buildSettings = {
				ASSETCATALOG_COMPILER_APPICON_NAME = AppIcon;
				CODE_SIGN_STYLE = Automatic;
				DEVELOPMENT_TEAM = XWJGD28CZ6;
				INFOPLIST_FILE = "Secret Notes/Info.plist";
				IPHONEOS_DEPLOYMENT_TARGET = 11.0;
				LD_RUNPATH_SEARCH_PATHS = (
					"$(inherited)",
					"@executable_path/Frameworks",
				);
				PRODUCT_BUNDLE_IDENTIFIER = "com.iGarcia.Secret-Notes";
				PRODUCT_NAME = "$(TARGET_NAME)";
				SWIFT_VERSION = 4.0;
				TARGETED_DEVICE_FAMILY = "1,2";
			};
			name = Debug;
		};
		AF1CB33720C61614004E271C /* Release */ = {
			isa = XCBuildConfiguration;
			buildSettings = {
				ASSETCATALOG_COMPILER_APPICON_NAME = AppIcon;
				CODE_SIGN_STYLE = Automatic;
				DEVELOPMENT_TEAM = XWJGD28CZ6;
				INFOPLIST_FILE = "Secret Notes/Info.plist";
				IPHONEOS_DEPLOYMENT_TARGET = 11.0;
				LD_RUNPATH_SEARCH_PATHS = (
					"$(inherited)",
					"@executable_path/Frameworks",
				);
				PRODUCT_BUNDLE_IDENTIFIER = "com.iGarcia.Secret-Notes";
				PRODUCT_NAME = "$(TARGET_NAME)";
				SWIFT_VERSION = 4.0;
				TARGETED_DEVICE_FAMILY = "1,2";
			};
			name = Release;
		};
/* End XCBuildConfiguration section */

/* Begin XCConfigurationList section */
		AF1CB31E20C61613004E271C /* Build configuration list for PBXProject "Secret Notes" */ = {
			isa = XCConfigurationList;
			buildConfigurations = (
				AF1CB33320C61614004E271C /* Debug */,
				AF1CB33420C61614004E271C /* Release */,
			);
			defaultConfigurationIsVisible = 0;
			defaultConfigurationName = Release;
		};
		AF1CB33520C61614004E271C /* Build configuration list for PBXNativeTarget "Secret Notes" */ = {
			isa = XCConfigurationList;
			buildConfigurations = (
				AF1CB33620C61614004E271C /* Debug */,
				AF1CB33720C61614004E271C /* Release */,
			);
			defaultConfigurationIsVisible = 0;
			defaultConfigurationName = Release;
		};
/* End XCConfigurationList section */
	};
	rootObject = AF1CB31B20C61613004E271C /* Project object */;
}
